// !$*UTF8*$!
{
	archiveVersion = 1;
	classes = {
	};
	objectVersion = 50;
	objects = {

/* Begin PBXBuildFile section */
		DF35CC7D258536D800F6E69F /* AppDelegate.swift in Sources */ = {isa = PBXBuildFile; fileRef = DF35CC7C258536D800F6E69F /* AppDelegate.swift */; };
		DF35CC7F258536D800F6E69F /* SceneDelegate.swift in Sources */ = {isa = PBXBuildFile; fileRef = DF35CC7E258536D800F6E69F /* SceneDelegate.swift */; };
		DF35CC81258536D800F6E69F /* ViewController.swift in Sources */ = {isa = PBXBuildFile; fileRef = DF35CC80258536D800F6E69F /* ViewController.swift */; };
		DF35CC84258536D800F6E69F /* Main.storyboard in Resources */ = {isa = PBXBuildFile; fileRef = DF35CC82258536D800F6E69F /* Main.storyboard */; };
		DF35CC86258536DF00F6E69F /* Assets.xcassets in Resources */ = {isa = PBXBuildFile; fileRef = DF35CC85258536DF00F6E69F /* Assets.xcassets */; };
		DF35CC89258536DF00F6E69F /* LaunchScreen.storyboard in Resources */ = {isa = PBXBuildFile; fileRef = DF35CC87258536DF00F6E69F /* LaunchScreen.storyboard */; };
		DF35CC962585496D00F6E69F /* Default-568h@2x.png in Resources */ = {isa = PBXBuildFile; fileRef = DF35CC952585496D00F6E69F /* Default-568h@2x.png */; };
/* End PBXBuildFile section */

/* Begin PBXFileReference section */
		DF35CC79258536D800F6E69F /* LogIn.app */ = {isa = PBXFileReference; explicitFileType = wrapper.application; includeInIndex = 0; path = LogIn.app; sourceTree = BUILT_PRODUCTS_DIR; };
		DF35CC7C258536D800F6E69F /* AppDelegate.swift */ = {isa = PBXFileReference; lastKnownFileType = sourcecode.swift; path = AppDelegate.swift; sourceTree = "<group>"; };
		DF35CC7E258536D800F6E69F /* SceneDelegate.swift */ = {isa = PBXFileReference; lastKnownFileType = sourcecode.swift; path = SceneDelegate.swift; sourceTree = "<group>"; };
		DF35CC80258536D800F6E69F /* ViewController.swift */ = {isa = PBXFileReference; lastKnownFileType = sourcecode.swift; path = ViewController.swift; sourceTree = "<group>"; };
		DF35CC83258536D800F6E69F /* Base */ = {isa = PBXFileReference; lastKnownFileType = file.storyboard; name = Base; path = Base.lproj/Main.storyboard; sourceTree = "<group>"; };
		DF35CC85258536DF00F6E69F /* Assets.xcassets */ = {isa = PBXFileReference; lastKnownFileType = folder.assetcatalog; path = Assets.xcassets; sourceTree = "<group>"; };
		DF35CC88258536DF00F6E69F /* Base */ = {isa = PBXFileReference; lastKnownFileType = file.storyboard; name = Base; path = Base.lproj/LaunchScreen.storyboard; sourceTree = "<group>"; };
		DF35CC8A258536DF00F6E69F /* Info.plist */ = {isa = PBXFileReference; lastKnownFileType = text.plist.xml; path = Info.plist; sourceTree = "<group>"; };
		DF35CC952585496D00F6E69F /* Default-568h@2x.png */ = {isa = PBXFileReference; lastKnownFileType = image.png; path = "Default-568h@2x.png"; sourceTree = "<group>"; };
/* End PBXFileReference section */

/* Begin PBXFrameworksBuildPhase section */
		DF35CC76258536D800F6E69F /* Frameworks */ = {
			isa = PBXFrameworksBuildPhase;
			buildActionMask = 2147483647;
			files = (
			);
			runOnlyForDeploymentPostprocessing = 0;
		};
/* End PBXFrameworksBuildPhase section */

/* Begin PBXGroup section */
		DF35CC70258536D700F6E69F = {
			isa = PBXGroup;
			children = (
				DF35CC952585496D00F6E69F /* Default-568h@2x.png */,
				DF35CC7B258536D800F6E69F /* LogIn */,
				DF35CC7A258536D800F6E69F /* Products */,
			);
			sourceTree = "<group>";
		};
		DF35CC7A258536D800F6E69F /* Products */ = {
			isa = PBXGroup;
			children = (
				DF35CC79258536D800F6E69F /* LogIn.app */,
			);
			name = Products;
			sourceTree = "<group>";
		};
		DF35CC7B258536D800F6E69F /* LogIn */ = {
			isa = PBXGroup;
			children = (
				DF35CC9025853BA500F6E69F /* Resources */,
				DF35CC9125853BC500F6E69F /* Models */,
				DF35CC942585427100F6E69F /* Supporting Files */,
				DF35CC9225853BE300F6E69F /* View Controllers */,
				DF35CC9325853C0000F6E69F /* Storyboards */,
			);
			path = LogIn;
			sourceTree = "<group>";
		};
		DF35CC9025853BA500F6E69F /* Resources */ = {
			isa = PBXGroup;
			children = (
				DF35CC85258536DF00F6E69F /* Assets.xcassets */,
			);
			path = Resources;
			sourceTree = "<group>";
		};
		DF35CC9125853BC500F6E69F /* Models */ = {
			isa = PBXGroup;
			children = (
			);
			path = Models;
			sourceTree = "<group>";
		};
		DF35CC9225853BE300F6E69F /* View Controllers */ = {
			isa = PBXGroup;
			children = (
				DF35CC80258536D800F6E69F /* ViewController.swift */,
			);
			path = "View Controllers";
			sourceTree = "<group>";
		};
		DF35CC9325853C0000F6E69F /* Storyboards */ = {
			isa = PBXGroup;
			children = (
				DF35CC82258536D800F6E69F /* Main.storyboard */,
				DF35CC87258536DF00F6E69F /* LaunchScreen.storyboard */,
			);
			path = Storyboards;
			sourceTree = "<group>";
		};
		DF35CC942585427100F6E69F /* Supporting Files */ = {
			isa = PBXGroup;
			children = (
				DF35CC7C258536D800F6E69F /* AppDelegate.swift */,
				DF35CC7E258536D800F6E69F /* SceneDelegate.swift */,
				DF35CC8A258536DF00F6E69F /* Info.plist */,
			);
			path = "Supporting Files";
			sourceTree = "<group>";
		};
/* End PBXGroup section */

/* Begin PBXNativeTarget section */
		DF35CC78258536D800F6E69F /* LogIn */ = {
			isa = PBXNativeTarget;
			buildConfigurationList = DF35CC8D258536DF00F6E69F /* Build configuration list for PBXNativeTarget "LogIn" */;
			buildPhases = (
				DF35CC75258536D800F6E69F /* Sources */,
				DF35CC76258536D800F6E69F /* Frameworks */,
				DF35CC77258536D800F6E69F /* Resources */,
			);
			buildRules = (
			);
			dependencies = (
			);
			name = LogIn;
			productName = LogIn;
			productReference = DF35CC79258536D800F6E69F /* LogIn.app */;
			productType = "com.apple.product-type.application";
		};
/* End PBXNativeTarget section */

/* Begin PBXProject section */
		DF35CC71258536D700F6E69F /* Project object */ = {
			isa = PBXProject;
			attributes = {
				LastSwiftUpdateCheck = 1160;
				LastUpgradeCheck = 1160;
				ORGANIZATIONNAME = "Gleb Stepanovich";
				TargetAttributes = {
					DF35CC78258536D800F6E69F = {
						CreatedOnToolsVersion = 11.6;
					};
				};
			};
			buildConfigurationList = DF35CC74258536D700F6E69F /* Build configuration list for PBXProject "LogIn" */;
			compatibilityVersion = "Xcode 9.3";
			developmentRegion = en;
			hasScannedForEncodings = 0;
			knownRegions = (
				en,
				Base,
			);
			mainGroup = DF35CC70258536D700F6E69F;
			productRefGroup = DF35CC7A258536D800F6E69F /* Products */;
			projectDirPath = "";
			projectRoot = "";
			targets = (
				DF35CC78258536D800F6E69F /* LogIn */,
			);
		};
/* End PBXProject section */

/* Begin PBXResourcesBuildPhase section */
		DF35CC77258536D800F6E69F /* Resources */ = {
			isa = PBXResourcesBuildPhase;
			buildActionMask = 2147483647;
			files = (
				DF35CC89258536DF00F6E69F /* LaunchScreen.storyboard in Resources */,
				DF35CC962585496D00F6E69F /* Default-568h@2x.png in Resources */,
				DF35CC86258536DF00F6E69F /* Assets.xcassets in Resources */,
				DF35CC84258536D800F6E69F /* Main.storyboard in Resources */,
			);
			runOnlyForDeploymentPostprocessing = 0;
		};
/* End PBXResourcesBuildPhase section */

/* Begin PBXSourcesBuildPhase section */
		DF35CC75258536D800F6E69F /* Sources */ = {
			isa = PBXSourcesBuildPhase;
			buildActionMask = 2147483647;
			files = (
				DF35CC81258536D800F6E69F /* ViewController.swift in Sources */,
				DF35CC7D258536D800F6E69F /* AppDelegate.swift in Sources */,
				DF35CC7F258536D800F6E69F /* SceneDelegate.swift in Sources */,
			);
			runOnlyForDeploymentPostprocessing = 0;
		};
/* End PBXSourcesBuildPhase section */

/* Begin PBXVariantGroup section */
		DF35CC82258536D800F6E69F /* Main.storyboard */ = {
			isa = PBXVariantGroup;
			children = (
				DF35CC83258536D800F6E69F /* Base */,
			);
			name = Main.storyboard;
			sourceTree = "<group>";
		};
		DF35CC87258536DF00F6E69F /* LaunchScreen.storyboard */ = {
			isa = PBXVariantGroup;
			children = (
				DF35CC88258536DF00F6E69F /* Base */,
			);
			name = LaunchScreen.storyboard;
			sourceTree = "<group>";
		};
/* End PBXVariantGroup section */

/* Begin XCBuildConfiguration section */
		DF35CC8B258536DF00F6E69F /* Debug */ = {
			isa = XCBuildConfiguration;
			buildSettings = {
				ALWAYS_SEARCH_USER_PATHS = NO;
				CLANG_ANALYZER_NONNULL = YES;
				CLANG_ANALYZER_NUMBER_OBJECT_CONVERSION = YES_AGGRESSIVE;
				CLANG_CXX_LANGUAGE_STANDARD = "gnu++14";
				CLANG_CXX_LIBRARY = "libc++";
				CLANG_ENABLE_MODULES = YES;
				CLANG_ENABLE_OBJC_ARC = YES;
				CLANG_ENABLE_OBJC_WEAK = YES;
				CLANG_WARN_BLOCK_CAPTURE_AUTORELEASING = YES;
				CLANG_WARN_BOOL_CONVERSION = YES;
				CLANG_WARN_COMMA = YES;
				CLANG_WARN_CONSTANT_CONVERSION = YES;
				CLANG_WARN_DEPRECATED_OBJC_IMPLEMENTATIONS = YES;
				CLANG_WARN_DIRECT_OBJC_ISA_USAGE = YES_ERROR;
				CLANG_WARN_DOCUMENTATION_COMMENTS = YES;
				CLANG_WARN_EMPTY_BODY = YES;
				CLANG_WARN_ENUM_CONVERSION = YES;
				CLANG_WARN_INFINITE_RECURSION = YES;
				CLANG_WARN_INT_CONVERSION = YES;
				CLANG_WARN_NON_LITERAL_NULL_CONVERSION = YES;
				CLANG_WARN_OBJC_IMPLICIT_RETAIN_SELF = YES;
				CLANG_WARN_OBJC_LITERAL_CONVERSION = YES;
				CLANG_WARN_OBJC_ROOT_CLASS = YES_ERROR;
				CLANG_WARN_RANGE_LOOP_ANALYSIS = YES;
				CLANG_WARN_STRICT_PROTOTYPES = YES;
				CLANG_WARN_SUSPICIOUS_MOVE = YES;
				CLANG_WARN_UNGUARDED_AVAILABILITY = YES_AGGRESSIVE;
				CLANG_WARN_UNREACHABLE_CODE = YES;
				CLANG_WARN__DUPLICATE_METHOD_MATCH = YES;
				COPY_PHASE_STRIP = NO;
				DEBUG_INFORMATION_FORMAT = dwarf;
				ENABLE_STRICT_OBJC_MSGSEND = YES;
				ENABLE_TESTABILITY = YES;
				GCC_C_LANGUAGE_STANDARD = gnu11;
				GCC_DYNAMIC_NO_PIC = NO;
				GCC_NO_COMMON_BLOCKS = YES;
				GCC_OPTIMIZATION_LEVEL = 0;
				GCC_PREPROCESSOR_DEFINITIONS = (
					"DEBUG=1",
					"$(inherited)",
				);
				GCC_WARN_64_TO_32_BIT_CONVERSION = YES;
				GCC_WARN_ABOUT_RETURN_TYPE = YES_ERROR;
				GCC_WARN_UNDECLARED_SELECTOR = YES;
				GCC_WARN_UNINITIALIZED_AUTOS = YES_AGGRESSIVE;
				GCC_WARN_UNUSED_FUNCTION = YES;
				GCC_WARN_UNUSED_VARIABLE = YES;
				IPHONEOS_DEPLOYMENT_TARGET = 13.6;
				MTL_ENABLE_DEBUG_INFO = INCLUDE_SOURCE;
				MTL_FAST_MATH = YES;
				ONLY_ACTIVE_ARCH = YES;
				SDKROOT = iphoneos;
				SWIFT_ACTIVE_COMPILATION_CONDITIONS = DEBUG;
				SWIFT_OPTIMIZATION_LEVEL = "-Onone";
			};
			name = Debug;
		};
		DF35CC8C258536DF00F6E69F /* Release */ = {
			isa = XCBuildConfiguration;
			buildSettings = {
				ALWAYS_SEARCH_USER_PATHS = NO;
				CLANG_ANALYZER_NONNULL = YES;
				CLANG_ANALYZER_NUMBER_OBJECT_CONVERSION = YES_AGGRESSIVE;
				CLANG_CXX_LANGUAGE_STANDARD = "gnu++14";
				CLANG_CXX_LIBRARY = "libc++";
				CLANG_ENABLE_MODULES = YES;
				CLANG_ENABLE_OBJC_ARC = YES;
				CLANG_ENABLE_OBJC_WEAK = YES;
				CLANG_WARN_BLOCK_CAPTURE_AUTORELEASING = YES;
				CLANG_WARN_BOOL_CONVERSION = YES;
				CLANG_WARN_COMMA = YES;
				CLANG_WARN_CONSTANT_CONVERSION = YES;
				CLANG_WARN_DEPRECATED_OBJC_IMPLEMENTATIONS = YES;
				CLANG_WARN_DIRECT_OBJC_ISA_USAGE = YES_ERROR;
				CLANG_WARN_DOCUMENTATION_COMMENTS = YES;
				CLANG_WARN_EMPTY_BODY = YES;
				CLANG_WARN_ENUM_CONVERSION = YES;
				CLANG_WARN_INFINITE_RECURSION = YES;
				CLANG_WARN_INT_CONVERSION = YES;
				CLANG_WARN_NON_LITERAL_NULL_CONVERSION = YES;
				CLANG_WARN_OBJC_IMPLICIT_RETAIN_SELF = YES;
				CLANG_WARN_OBJC_LITERAL_CONVERSION = YES;
				CLANG_WARN_OBJC_ROOT_CLASS = YES_ERROR;
				CLANG_WARN_RANGE_LOOP_ANALYSIS = YES;
				CLANG_WARN_STRICT_PROTOTYPES = YES;
				CLANG_WARN_SUSPICIOUS_MOVE = YES;
				CLANG_WARN_UNGUARDED_AVAILABILITY = YES_AGGRESSIVE;
				CLANG_WARN_UNREACHABLE_CODE = YES;
				CLANG_WARN__DUPLICATE_METHOD_MATCH = YES;
				COPY_PHASE_STRIP = NO;
				DEBUG_INFORMATION_FORMAT = "dwarf-with-dsym";
				ENABLE_NS_ASSERTIONS = NO;
				ENABLE_STRICT_OBJC_MSGSEND = YES;
				GCC_C_LANGUAGE_STANDARD = gnu11;
				GCC_NO_COMMON_BLOCKS = YES;
				GCC_WARN_64_TO_32_BIT_CONVERSION = YES;
				GCC_WARN_ABOUT_RETURN_TYPE = YES_ERROR;
				GCC_WARN_UNDECLARED_SELECTOR = YES;
				GCC_WARN_UNINITIALIZED_AUTOS = YES_AGGRESSIVE;
				GCC_WARN_UNUSED_FUNCTION = YES;
				GCC_WARN_UNUSED_VARIABLE = YES;
				IPHONEOS_DEPLOYMENT_TARGET = 13.6;
				MTL_ENABLE_DEBUG_INFO = NO;
				MTL_FAST_MATH = YES;
				SDKROOT = iphoneos;
				SWIFT_COMPILATION_MODE = wholemodule;
				SWIFT_OPTIMIZATION_LEVEL = "-O";
				VALIDATE_PRODUCT = YES;
			};
			name = Release;
		};
		DF35CC8E258536DF00F6E69F /* Debug */ = {
			isa = XCBuildConfiguration;
			buildSettings = {
				ASSETCATALOG_COMPILER_APPICON_NAME = AppIcon;
				CODE_SIGN_STYLE = Automatic;
				DEVELOPMENT_TEAM = UQVBRMUTV5;
				INFOPLIST_FILE = "LogIn/Supporting Files/Info.plist";
				IPHONEOS_DEPLOYMENT_TARGET = 13.0;
				LD_RUNPATH_SEARCH_PATHS = (
					"$(inherited)",
					"@executable_path/Frameworks",
				);
				PRODUCT_BUNDLE_IDENTIFIER = GlebStepanovich.LogIn;
				PRODUCT_NAME = "$(TARGET_NAME)";
				SWIFT_VERSION = 5.0;
				TARGETED_DEVICE_FAMILY = 1;
			};
			name = Debug;
		};
		DF35CC8F258536DF00F6E69F /* Release */ = {
			isa = XCBuildConfiguration;
			buildSettings = {
				ASSETCATALOG_COMPILER_APPICON_NAME = AppIcon;
				CODE_SIGN_STYLE = Automatic;
				DEVELOPMENT_TEAM = UQVBRMUTV5;
				INFOPLIST_FILE = "LogIn/Supporting Files/Info.plist";
				IPHONEOS_DEPLOYMENT_TARGET = 13.0;
				LD_RUNPATH_SEARCH_PATHS = (
					"$(inherited)",
					"@executable_path/Frameworks",
				);
				PRODUCT_BUNDLE_IDENTIFIER = GlebStepanovich.LogIn;
				PRODUCT_NAME = "$(TARGET_NAME)";
				SWIFT_VERSION = 5.0;
				TARGETED_DEVICE_FAMILY = 1;
			};
			name = Release;
		};
/* End XCBuildConfiguration section */

/* Begin XCConfigurationList section */
		DF35CC74258536D700F6E69F /* Build configuration list for PBXProject "LogIn" */ = {
			isa = XCConfigurationList;
			buildConfigurations = (
				DF35CC8B258536DF00F6E69F /* Debug */,
				DF35CC8C258536DF00F6E69F /* Release */,
			);
			defaultConfigurationIsVisible = 0;
			defaultConfigurationName = Release;
		};
		DF35CC8D258536DF00F6E69F /* Build configuration list for PBXNativeTarget "LogIn" */ = {
			isa = XCConfigurationList;
			buildConfigurations = (
				DF35CC8E258536DF00F6E69F /* Debug */,
				DF35CC8F258536DF00F6E69F /* Release */,
			);
			defaultConfigurationIsVisible = 0;
			defaultConfigurationName = Release;
		};
/* End XCConfigurationList section */
	};
	rootObject = DF35CC71258536D700F6E69F /* Project object */;
}
